// !$*UTF8*$!
{
	archiveVersion = 1;
	classes = {
	};
	objectVersion = 56;
	objects = {

/* Begin PBXBuildFile section */
		15019AB82A97790F00D13E0F /* AppDelegate.swift in Sources */ = {isa = PBXBuildFile; fileRef = 15019AB72A97790F00D13E0F /* AppDelegate.swift */; };
		15019ABA2A97790F00D13E0F /* SceneDelegate.swift in Sources */ = {isa = PBXBuildFile; fileRef = 15019AB92A97790F00D13E0F /* SceneDelegate.swift */; };
		15019AC12A97791000D13E0F /* Assets.xcassets in Resources */ = {isa = PBXBuildFile; fileRef = 15019AC02A97791000D13E0F /* Assets.xcassets */; };
		15019AC42A97791000D13E0F /* LaunchScreen.storyboard in Resources */ = {isa = PBXBuildFile; fileRef = 15019AC22A97791000D13E0F /* LaunchScreen.storyboard */; };
		15019AD42A977CDE00D13E0F /* HomeViewController.swift in Sources */ = {isa = PBXBuildFile; fileRef = 15019AD32A977CDE00D13E0F /* HomeViewController.swift */; };
		15019AD62A977D3600D13E0F /* Advertisement.swift in Sources */ = {isa = PBXBuildFile; fileRef = 15019AD52A977D3600D13E0F /* Advertisement.swift */; };
		15019AD82A977DAE00D13E0F /* Detail.swift in Sources */ = {isa = PBXBuildFile; fileRef = 15019AD72A977DAE00D13E0F /* Detail.swift */; };
		15019ADC2A977FEC00D13E0F /* HomeViewModel.swift in Sources */ = {isa = PBXBuildFile; fileRef = 15019ADB2A977FEC00D13E0F /* HomeViewModel.swift */; };
		15019ADF2A97806700D13E0F /* Observable.swift in Sources */ = {isa = PBXBuildFile; fileRef = 15019ADE2A97806700D13E0F /* Observable.swift */; };
		15019AE12A9787CE00D13E0F /* AdvertisementService.swift in Sources */ = {isa = PBXBuildFile; fileRef = 15019AE02A9787CE00D13E0F /* AdvertisementService.swift */; };
/* End PBXBuildFile section */

/* Begin PBXFileReference section */
		15019AB42A97790F00D13E0F /* AvitoTest.app */ = {isa = PBXFileReference; explicitFileType = wrapper.application; includeInIndex = 0; path = AvitoTest.app; sourceTree = BUILT_PRODUCTS_DIR; };
		15019AB72A97790F00D13E0F /* AppDelegate.swift */ = {isa = PBXFileReference; lastKnownFileType = sourcecode.swift; path = AppDelegate.swift; sourceTree = "<group>"; };
		15019AB92A97790F00D13E0F /* SceneDelegate.swift */ = {isa = PBXFileReference; lastKnownFileType = sourcecode.swift; path = SceneDelegate.swift; sourceTree = "<group>"; };
		15019AC02A97791000D13E0F /* Assets.xcassets */ = {isa = PBXFileReference; lastKnownFileType = folder.assetcatalog; path = Assets.xcassets; sourceTree = "<group>"; };
		15019AC32A97791000D13E0F /* Base */ = {isa = PBXFileReference; lastKnownFileType = file.storyboard; name = Base; path = Base.lproj/LaunchScreen.storyboard; sourceTree = "<group>"; };
		15019AC52A97791000D13E0F /* Info.plist */ = {isa = PBXFileReference; lastKnownFileType = text.plist.xml; path = Info.plist; sourceTree = "<group>"; };
		15019AD32A977CDE00D13E0F /* HomeViewController.swift */ = {isa = PBXFileReference; lastKnownFileType = sourcecode.swift; path = HomeViewController.swift; sourceTree = "<group>"; };
		15019AD52A977D3600D13E0F /* Advertisement.swift */ = {isa = PBXFileReference; lastKnownFileType = sourcecode.swift; path = Advertisement.swift; sourceTree = "<group>"; };
		15019AD72A977DAE00D13E0F /* Detail.swift */ = {isa = PBXFileReference; lastKnownFileType = sourcecode.swift; path = Detail.swift; sourceTree = "<group>"; };
		15019ADB2A977FEC00D13E0F /* HomeViewModel.swift */ = {isa = PBXFileReference; lastKnownFileType = sourcecode.swift; path = HomeViewModel.swift; sourceTree = "<group>"; };
		15019ADE2A97806700D13E0F /* Observable.swift */ = {isa = PBXFileReference; lastKnownFileType = sourcecode.swift; path = Observable.swift; sourceTree = "<group>"; };
		15019AE02A9787CE00D13E0F /* AdvertisementService.swift */ = {isa = PBXFileReference; lastKnownFileType = sourcecode.swift; path = AdvertisementService.swift; sourceTree = "<group>"; };
/* End PBXFileReference section */

/* Begin PBXFrameworksBuildPhase section */
		15019AB12A97790F00D13E0F /* Frameworks */ = {
			isa = PBXFrameworksBuildPhase;
			buildActionMask = 2147483647;
			files = (
			);
			runOnlyForDeploymentPostprocessing = 0;
		};
/* End PBXFrameworksBuildPhase section */

/* Begin PBXGroup section */
		15019AAB2A97790F00D13E0F = {
			isa = PBXGroup;
			children = (
				15019AB62A97790F00D13E0F /* AvitoTest */,
				15019AB52A97790F00D13E0F /* Products */,
			);
			sourceTree = "<group>";
		};
		15019AB52A97790F00D13E0F /* Products */ = {
			isa = PBXGroup;
			children = (
				15019AB42A97790F00D13E0F /* AvitoTest.app */,
			);
			name = Products;
			sourceTree = "<group>";
		};
		15019AB62A97790F00D13E0F /* AvitoTest */ = {
			isa = PBXGroup;
			children = (
				15019ACC2A977C0400D13E0F /* Resources */,
				15019ADD2A97805A00D13E0F /* Helper */,
				15019ACD2A977C2800D13E0F /* Service */,
				15019AD02A977C4700D13E0F /* Extentions */,
				15019ACB2A977C0000D13E0F /* Models */,
				15019ACE2A977C2B00D13E0F /* Scene */,
			);
			path = AvitoTest;
			sourceTree = "<group>";
		};
		15019ACB2A977C0000D13E0F /* Models */ = {
			isa = PBXGroup;
			children = (
				15019AD52A977D3600D13E0F /* Advertisement.swift */,
				15019AD72A977DAE00D13E0F /* Detail.swift */,
			);
			path = Models;
			sourceTree = "<group>";
		};
		15019ACC2A977C0400D13E0F /* Resources */ = {
			isa = PBXGroup;
			children = (
				15019AB72A97790F00D13E0F /* AppDelegate.swift */,
				15019AB92A97790F00D13E0F /* SceneDelegate.swift */,
				15019AC02A97791000D13E0F /* Assets.xcassets */,
				15019AC22A97791000D13E0F /* LaunchScreen.storyboard */,
				15019AC52A97791000D13E0F /* Info.plist */,
			);
			path = Resources;
			sourceTree = "<group>";
		};
		15019ACD2A977C2800D13E0F /* Service */ = {
			isa = PBXGroup;
			children = (
				15019AE02A9787CE00D13E0F /* AdvertisementService.swift */,
			);
			path = Service;
			sourceTree = "<group>";
		};
		15019ACE2A977C2B00D13E0F /* Scene */ = {
			isa = PBXGroup;
			children = (
				15019AD12A977CA500D13E0F /* HomeView */,
			);
			path = Scene;
			sourceTree = "<group>";
		};
		15019AD02A977C4700D13E0F /* Extentions */ = {
			isa = PBXGroup;
			children = (
			);
			path = Extentions;
			sourceTree = "<group>";
		};
		15019AD12A977CA500D13E0F /* HomeView */ = {
			isa = PBXGroup;
			children = (
				15019AD32A977CDE00D13E0F /* HomeViewController.swift */,
				15019ADB2A977FEC00D13E0F /* HomeViewModel.swift */,
			);
			path = HomeView;
			sourceTree = "<group>";
		};
		15019ADD2A97805A00D13E0F /* Helper */ = {
			isa = PBXGroup;
			children = (
				15019ADE2A97806700D13E0F /* Observable.swift */,
			);
			path = Helper;
			sourceTree = "<group>";
		};
/* End PBXGroup section */

/* Begin PBXNativeTarget section */
		15019AB32A97790F00D13E0F /* AvitoTest */ = {
			isa = PBXNativeTarget;
			buildConfigurationList = 15019AC82A97791000D13E0F /* Build configuration list for PBXNativeTarget "AvitoTest" */;
			buildPhases = (
				15019AB02A97790F00D13E0F /* Sources */,
				15019AB12A97790F00D13E0F /* Frameworks */,
				15019AB22A97790F00D13E0F /* Resources */,
			);
			buildRules = (
			);
			dependencies = (
			);
			name = AvitoTest;
			productName = AvitoTest;
			productReference = 15019AB42A97790F00D13E0F /* AvitoTest.app */;
			productType = "com.apple.product-type.application";
		};
/* End PBXNativeTarget section */

/* Begin PBXProject section */
		15019AAC2A97790F00D13E0F /* Project object */ = {
			isa = PBXProject;
			attributes = {
				BuildIndependentTargetsInParallel = 1;
				LastSwiftUpdateCheck = 1430;
				LastUpgradeCheck = 1430;
				TargetAttributes = {
					15019AB32A97790F00D13E0F = {
						CreatedOnToolsVersion = 14.3.1;
					};
				};
			};
			buildConfigurationList = 15019AAF2A97790F00D13E0F /* Build configuration list for PBXProject "AvitoTest" */;
			compatibilityVersion = "Xcode 14.0";
			developmentRegion = en;
			hasScannedForEncodings = 0;
			knownRegions = (
				en,
				Base,
			);
			mainGroup = 15019AAB2A97790F00D13E0F;
			productRefGroup = 15019AB52A97790F00D13E0F /* Products */;
			projectDirPath = "";
			projectRoot = "";
			targets = (
				15019AB32A97790F00D13E0F /* AvitoTest */,
			);
		};
/* End PBXProject section */

/* Begin PBXResourcesBuildPhase section */
		15019AB22A97790F00D13E0F /* Resources */ = {
			isa = PBXResourcesBuildPhase;
			buildActionMask = 2147483647;
			files = (
				15019AC42A97791000D13E0F /* LaunchScreen.storyboard in Resources */,
				15019AC12A97791000D13E0F /* Assets.xcassets in Resources */,
			);
			runOnlyForDeploymentPostprocessing = 0;
		};
/* End PBXResourcesBuildPhase section */

/* Begin PBXSourcesBuildPhase section */
		15019AB02A97790F00D13E0F /* Sources */ = {
			isa = PBXSourcesBuildPhase;
			buildActionMask = 2147483647;
			files = (
				15019AB82A97790F00D13E0F /* AppDelegate.swift in Sources */,
				15019ADC2A977FEC00D13E0F /* HomeViewModel.swift in Sources */,
				15019AD82A977DAE00D13E0F /* Detail.swift in Sources */,
				15019ADF2A97806700D13E0F /* Observable.swift in Sources */,
				15019AD62A977D3600D13E0F /* Advertisement.swift in Sources */,
				15019AE12A9787CE00D13E0F /* AdvertisementService.swift in Sources */,
				15019ABA2A97790F00D13E0F /* SceneDelegate.swift in Sources */,
				15019AD42A977CDE00D13E0F /* HomeViewController.swift in Sources */,
			);
			runOnlyForDeploymentPostprocessing = 0;
		};
/* End PBXSourcesBuildPhase section */

/* Begin PBXVariantGroup section */
		15019AC22A97791000D13E0F /* LaunchScreen.storyboard */ = {
			isa = PBXVariantGroup;
			children = (
				15019AC32A97791000D13E0F /* Base */,
			);
			name = LaunchScreen.storyboard;
			sourceTree = "<group>";
		};
/* End PBXVariantGroup section */

/* Begin XCBuildConfiguration section */
		15019AC62A97791000D13E0F /* Debug */ = {
			isa = XCBuildConfiguration;
			buildSettings = {
				ALWAYS_SEARCH_USER_PATHS = NO;
				CLANG_ANALYZER_NONNULL = YES;
				CLANG_ANALYZER_NUMBER_OBJECT_CONVERSION = YES_AGGRESSIVE;
				CLANG_CXX_LANGUAGE_STANDARD = "gnu++20";
				CLANG_ENABLE_MODULES = YES;
				CLANG_ENABLE_OBJC_ARC = YES;
				CLANG_ENABLE_OBJC_WEAK = YES;
				CLANG_WARN_BLOCK_CAPTURE_AUTORELEASING = YES;
				CLANG_WARN_BOOL_CONVERSION = YES;
				CLANG_WARN_COMMA = YES;
				CLANG_WARN_CONSTANT_CONVERSION = YES;
				CLANG_WARN_DEPRECATED_OBJC_IMPLEMENTATIONS = YES;
				CLANG_WARN_DIRECT_OBJC_ISA_USAGE = YES_ERROR;
				CLANG_WARN_DOCUMENTATION_COMMENTS = YES;
				CLANG_WARN_EMPTY_BODY = YES;
				CLANG_WARN_ENUM_CONVERSION = YES;
				CLANG_WARN_INFINITE_RECURSION = YES;
				CLANG_WARN_INT_CONVERSION = YES;
				CLANG_WARN_NON_LITERAL_NULL_CONVERSION = YES;
				CLANG_WARN_OBJC_IMPLICIT_RETAIN_SELF = YES;
				CLANG_WARN_OBJC_LITERAL_CONVERSION = YES;
				CLANG_WARN_OBJC_ROOT_CLASS = YES_ERROR;
				CLANG_WARN_QUOTED_INCLUDE_IN_FRAMEWORK_HEADER = YES;
				CLANG_WARN_RANGE_LOOP_ANALYSIS = YES;
				CLANG_WARN_STRICT_PROTOTYPES = YES;
				CLANG_WARN_SUSPICIOUS_MOVE = YES;
				CLANG_WARN_UNGUARDED_AVAILABILITY = YES_AGGRESSIVE;
				CLANG_WARN_UNREACHABLE_CODE = YES;
				CLANG_WARN__DUPLICATE_METHOD_MATCH = YES;
				COPY_PHASE_STRIP = NO;
				DEBUG_INFORMATION_FORMAT = dwarf;
				ENABLE_STRICT_OBJC_MSGSEND = YES;
				ENABLE_TESTABILITY = YES;
				GCC_C_LANGUAGE_STANDARD = gnu11;
				GCC_DYNAMIC_NO_PIC = NO;
				GCC_NO_COMMON_BLOCKS = YES;
				GCC_OPTIMIZATION_LEVEL = 0;
				GCC_PREPROCESSOR_DEFINITIONS = (
					"DEBUG=1",
					"$(inherited)",
				);
				GCC_WARN_64_TO_32_BIT_CONVERSION = YES;
				GCC_WARN_ABOUT_RETURN_TYPE = YES_ERROR;
				GCC_WARN_UNDECLARED_SELECTOR = YES;
				GCC_WARN_UNINITIALIZED_AUTOS = YES_AGGRESSIVE;
				GCC_WARN_UNUSED_FUNCTION = YES;
				GCC_WARN_UNUSED_VARIABLE = YES;
				IPHONEOS_DEPLOYMENT_TARGET = 16.4;
				MTL_ENABLE_DEBUG_INFO = INCLUDE_SOURCE;
				MTL_FAST_MATH = YES;
				ONLY_ACTIVE_ARCH = YES;
				SDKROOT = iphoneos;
				SWIFT_ACTIVE_COMPILATION_CONDITIONS = DEBUG;
				SWIFT_OPTIMIZATION_LEVEL = "-Onone";
			};
			name = Debug;
		};
		15019AC72A97791000D13E0F /* Release */ = {
			isa = XCBuildConfiguration;
			buildSettings = {
				ALWAYS_SEARCH_USER_PATHS = NO;
				CLANG_ANALYZER_NONNULL = YES;
				CLANG_ANALYZER_NUMBER_OBJECT_CONVERSION = YES_AGGRESSIVE;
				CLANG_CXX_LANGUAGE_STANDARD = "gnu++20";
				CLANG_ENABLE_MODULES = YES;
				CLANG_ENABLE_OBJC_ARC = YES;
				CLANG_ENABLE_OBJC_WEAK = YES;
				CLANG_WARN_BLOCK_CAPTURE_AUTORELEASING = YES;
				CLANG_WARN_BOOL_CONVERSION = YES;
				CLANG_WARN_COMMA = YES;
				CLANG_WARN_CONSTANT_CONVERSION = YES;
				CLANG_WARN_DEPRECATED_OBJC_IMPLEMENTATIONS = YES;
				CLANG_WARN_DIRECT_OBJC_ISA_USAGE = YES_ERROR;
				CLANG_WARN_DOCUMENTATION_COMMENTS = YES;
				CLANG_WARN_EMPTY_BODY = YES;
				CLANG_WARN_ENUM_CONVERSION = YES;
				CLANG_WARN_INFINITE_RECURSION = YES;
				CLANG_WARN_INT_CONVERSION = YES;
				CLANG_WARN_NON_LITERAL_NULL_CONVERSION = YES;
				CLANG_WARN_OBJC_IMPLICIT_RETAIN_SELF = YES;
				CLANG_WARN_OBJC_LITERAL_CONVERSION = YES;
				CLANG_WARN_OBJC_ROOT_CLASS = YES_ERROR;
				CLANG_WARN_QUOTED_INCLUDE_IN_FRAMEWORK_HEADER = YES;
				CLANG_WARN_RANGE_LOOP_ANALYSIS = YES;
				CLANG_WARN_STRICT_PROTOTYPES = YES;
				CLANG_WARN_SUSPICIOUS_MOVE = YES;
				CLANG_WARN_UNGUARDED_AVAILABILITY = YES_AGGRESSIVE;
				CLANG_WARN_UNREACHABLE_CODE = YES;
				CLANG_WARN__DUPLICATE_METHOD_MATCH = YES;
				COPY_PHASE_STRIP = NO;
				DEBUG_INFORMATION_FORMAT = "dwarf-with-dsym";
				ENABLE_NS_ASSERTIONS = NO;
				ENABLE_STRICT_OBJC_MSGSEND = YES;
				GCC_C_LANGUAGE_STANDARD = gnu11;
				GCC_NO_COMMON_BLOCKS = YES;
				GCC_WARN_64_TO_32_BIT_CONVERSION = YES;
				GCC_WARN_ABOUT_RETURN_TYPE = YES_ERROR;
				GCC_WARN_UNDECLARED_SELECTOR = YES;
				GCC_WARN_UNINITIALIZED_AUTOS = YES_AGGRESSIVE;
				GCC_WARN_UNUSED_FUNCTION = YES;
				GCC_WARN_UNUSED_VARIABLE = YES;
				IPHONEOS_DEPLOYMENT_TARGET = 16.4;
				MTL_ENABLE_DEBUG_INFO = NO;
				MTL_FAST_MATH = YES;
				SDKROOT = iphoneos;
				SWIFT_COMPILATION_MODE = wholemodule;
				SWIFT_OPTIMIZATION_LEVEL = "-O";
				VALIDATE_PRODUCT = YES;
			};
			name = Release;
		};
		15019AC92A97791000D13E0F /* Debug */ = {
			isa = XCBuildConfiguration;
			buildSettings = {
				ASSETCATALOG_COMPILER_APPICON_NAME = AppIcon;
				ASSETCATALOG_COMPILER_GLOBAL_ACCENT_COLOR_NAME = AccentColor;
				CODE_SIGN_STYLE = Automatic;
				CURRENT_PROJECT_VERSION = 1;
				DEVELOPMENT_TEAM = PP55TUKCZU;
				GENERATE_INFOPLIST_FILE = YES;
				INFOPLIST_FILE = AvitoTest/Resources/Info.plist;
				INFOPLIST_KEY_UIApplicationSupportsIndirectInputEvents = YES;
				INFOPLIST_KEY_UILaunchStoryboardName = LaunchScreen;
				INFOPLIST_KEY_UISupportedInterfaceOrientations_iPad = "UIInterfaceOrientationPortrait UIInterfaceOrientationPortraitUpsideDown UIInterfaceOrientationLandscapeLeft UIInterfaceOrientationLandscapeRight";
				INFOPLIST_KEY_UISupportedInterfaceOrientations_iPhone = "UIInterfaceOrientationPortrait UIInterfaceOrientationLandscapeLeft UIInterfaceOrientationLandscapeRight";
				LD_RUNPATH_SEARCH_PATHS = (
					"$(inherited)",
					"@executable_path/Frameworks",
				);
				MARKETING_VERSION = 1.0;
				PRODUCT_BUNDLE_IDENTIFIER = shurup.AvitoTest;
				PRODUCT_NAME = "$(TARGET_NAME)";
				SUPPORTED_PLATFORMS = "iphoneos iphonesimulator";
				SUPPORTS_MACCATALYST = NO;
				SUPPORTS_MAC_DESIGNED_FOR_IPHONE_IPAD = NO;
				SWIFT_EMIT_LOC_STRINGS = YES;
				SWIFT_VERSION = 5.0;
				TARGETED_DEVICE_FAMILY = 1;
			};
			name = Debug;
		};
		15019ACA2A97791000D13E0F /* Release */ = {
			isa = XCBuildConfiguration;
			buildSettings = {
				ASSETCATALOG_COMPILER_APPICON_NAME = AppIcon;
				ASSETCATALOG_COMPILER_GLOBAL_ACCENT_COLOR_NAME = AccentColor;
				CODE_SIGN_STYLE = Automatic;
				CURRENT_PROJECT_VERSION = 1;
				DEVELOPMENT_TEAM = PP55TUKCZU;
				GENERATE_INFOPLIST_FILE = YES;
				INFOPLIST_FILE = AvitoTest/Resources/Info.plist;
				INFOPLIST_KEY_UIApplicationSupportsIndirectInputEvents = YES;
				INFOPLIST_KEY_UILaunchStoryboardName = LaunchScreen;
				INFOPLIST_KEY_UISupportedInterfaceOrientations_iPad = "UIInterfaceOrientationPortrait UIInterfaceOrientationPortraitUpsideDown UIInterfaceOrientationLandscapeLeft UIInterfaceOrientationLandscapeRight";
				INFOPLIST_KEY_UISupportedInterfaceOrientations_iPhone = "UIInterfaceOrientationPortrait UIInterfaceOrientationLandscapeLeft UIInterfaceOrientationLandscapeRight";
				LD_RUNPATH_SEARCH_PATHS = (
					"$(inherited)",
					"@executable_path/Frameworks",
				);
				MARKETING_VERSION = 1.0;
				PRODUCT_BUNDLE_IDENTIFIER = shurup.AvitoTest;
				PRODUCT_NAME = "$(TARGET_NAME)";
				SUPPORTED_PLATFORMS = "iphoneos iphonesimulator";
				SUPPORTS_MACCATALYST = NO;
				SUPPORTS_MAC_DESIGNED_FOR_IPHONE_IPAD = NO;
				SWIFT_EMIT_LOC_STRINGS = YES;
				SWIFT_VERSION = 5.0;
				TARGETED_DEVICE_FAMILY = 1;
			};
			name = Release;
		};
/* End XCBuildConfiguration section */

/* Begin XCConfigurationList section */
		15019AAF2A97790F00D13E0F /* Build configuration list for PBXProject "AvitoTest" */ = {
			isa = XCConfigurationList;
			buildConfigurations = (
				15019AC62A97791000D13E0F /* Debug */,
				15019AC72A97791000D13E0F /* Release */,
			);
			defaultConfigurationIsVisible = 0;
			defaultConfigurationName = Release;
		};
		15019AC82A97791000D13E0F /* Build configuration list for PBXNativeTarget "AvitoTest" */ = {
			isa = XCConfigurationList;
			buildConfigurations = (
				15019AC92A97791000D13E0F /* Debug */,
				15019ACA2A97791000D13E0F /* Release */,
			);
			defaultConfigurationIsVisible = 0;
			defaultConfigurationName = Release;
		};
/* End XCConfigurationList section */
	};
	rootObject = 15019AAC2A97790F00D13E0F /* Project object */;
}
